{
  "name": "aws-serverless",
  "lockfileVersion": 2,
  "requires": true,
  "packages": {
    "": {
      "devDependencies": {
        "serverless-plugin-export-endpoints": "^0.1.3"
      }
    },
    "node_modules/serverless-plugin-export-endpoints": {
      "version": "0.1.3",
      "resolved": "https://registry.npmjs.org/serverless-plugin-export-endpoints/-/serverless-plugin-export-endpoints-0.1.3.tgz",
      "integrity": "sha512-PBNjR6gtZcoWlD3jxm1tpJx4ZTgOlJZL39r097E/vJUTDq+mOKM0DYgAqQhVrrzRh1TLTtvlGRjSG1LNOKw22A==",
      "dev": true
    }
  },
  "dependencies": {
    "serverless-plugin-export-endpoints": {
      "version": "0.1.3",
      "resolved": "https://registry.npmjs.org/serverless-plugin-export-endpoints/-/serverless-plugin-export-endpoints-0.1.3.tgz",
      "integrity": "sha512-PBNjR6gtZcoWlD3jxm1tpJx4ZTgOlJZL39r097E/vJUTDq+mOKM0DYgAqQhVrrzRh1TLTtvlGRjSG1LNOKw22A==",
      "dev": true
    }
  }
}
